# This file is automatically @generated by Cargo.
# It is not intended for manual editing.
version = 4

[[package]]
name = "emmc-tool"
version = "0.1.0"
dependencies = [
 "libc",
 "rhexdump",
]

[[package]]
name = "libc"
version = "0.2.178"
source = "registry+https://github.com/rust-lang/crates.io-index"
checksum = "37c93d8daa9d8a012fd8ab92f088405fb202ea0b6ab73ee2482ae66af4f42091"

[[package]]
name = "rhexdump"
version = "0.2.0"
source = "registry+https://github.com/rust-lang/crates.io-index"
checksum = "9a92cbe1a3dd221e3777fef339115d3b85e17a538668e03a0f3ae9c6a98351c7"
